
Microsoft Visual Studio Solution File, Format Version 12.00
# Visual Studio 15
Project("{FAE04EC0-301F-11D3-BF4B-00C04F79EFBC}") = "Assembly-CSharp", "Assembly-CSharp.csproj", "{6E0E2539-3AE1-8E3F-D56C-ADB215DFDD47}"
EndProject
Project("{FAE04EC0-301F-11D3-BF4B-00C04F79EFBC}") = "Assembly-CSharp-Editor", "Assembly-CSharp-Editor.csproj", "{7CC5CAA7-CC02-982C-553B-8CD084FEE495}"
EndProject
Global
	GlobalSection(SolutionConfigurationPlatforms) = preSolution
		Debug|Any CPU = Debug|Any CPU
		Release|Any CPU = Release|Any CPU
	EndGlobalSection
	GlobalSection(ProjectConfigurationPlatforms) = postSolution
		{6E0E2539-3AE1-8E3F-D56C-ADB215DFDD47}.Debug|Any CPU.ActiveCfg = Debug|Any CPU
		{6E0E2539-3AE1-8E3F-D56C-ADB215DFDD47}.Debug|Any CPU.Build.0 = Debug|Any CPU
		{6E0E2539-3AE1-8E3F-D56C-ADB215DFDD47}.Release|Any CPU.ActiveCfg = Release|Any CPU
		{6E0E2539-3AE1-8E3F-D56C-ADB215DFDD47}.Release|Any CPU.Build.0 = Release|Any CPU
		{7CC5CAA7-CC02-982C-553B-8CD084FEE495}.Debug|Any CPU.ActiveCfg = Debug|Any CPU
		{7CC5CAA7-CC02-982C-553B-8CD084FEE495}.Debug|Any CPU.Build.0 = Debug|Any CPU
		{7CC5CAA7-CC02-982C-553B-8CD084FEE495}.Release|Any CPU.ActiveCfg = Release|Any CPU
		{7CC5CAA7-CC02-982C-553B-8CD084FEE495}.Release|Any CPU.Build.0 = Release|Any CPU
	EndGlobalSection
	GlobalSection(SolutionProperties) = preSolution
		HideSolutionNode = FALSE
	EndGlobalSection
EndGlobal
